
Microsoft Visual Studio Solution File, Format Version 12.00
# Visual Studio Version 17
VisualStudioVersion = 17.12.35506.116 d17.12
MinimumVisualStudioVersion = 10.0.40219.1
Project("{FAE04EC0-301F-11D3-BF4B-00C04F79EFBC}") = "Core", "Core\Core.csproj", "{18C2C744-FBBF-429C-8049-E07CEB482C4A}"
EndProject
Project("{FAE04EC0-301F-11D3-BF4B-00C04F79EFBC}") = "WebAPI", "WebAPI\WebAPI.csproj", "{1EE9A4D4-29E3-4965-AA64-74143BCAB174}"
EndProject
Project("{FAE04EC0-301F-11D3-BF4B-00C04F79EFBC}") = "Desktop", "Desktop\Desktop.csproj", "{9915FBFB-EC3E-4ABC-B701-EAD3DADD91AF}"
EndProject
Global
	GlobalSection(SolutionConfigurationPlatforms) = preSolution
		Debug|Any CPU = Debug|Any CPU
		Release|Any CPU = Release|Any CPU
	EndGlobalSection
	GlobalSection(ProjectConfigurationPlatforms) = postSolution
		{18C2C744-FBBF-429C-8049-E07CEB482C4A}.Debug|Any CPU.ActiveCfg = Debug|Any CPU
		{18C2C744-FBBF-429C-8049-E07CEB482C4A}.Debug|Any CPU.Build.0 = Debug|Any CPU
		{18C2C744-FBBF-429C-8049-E07CEB482C4A}.Release|Any CPU.ActiveCfg = Release|Any CPU
		{18C2C744-FBBF-429C-8049-E07CEB482C4A}.Release|Any CPU.Build.0 = Release|Any CPU
		{1EE9A4D4-29E3-4965-AA64-74143BCAB174}.Debug|Any CPU.ActiveCfg = Debug|Any CPU
		{1EE9A4D4-29E3-4965-AA64-74143BCAB174}.Debug|Any CPU.Build.0 = Debug|Any CPU
		{1EE9A4D4-29E3-4965-AA64-74143BCAB174}.Release|Any CPU.ActiveCfg = Release|Any CPU
		{1EE9A4D4-29E3-4965-AA64-74143BCAB174}.Release|Any CPU.Build.0 = Release|Any CPU
		{9915FBFB-EC3E-4ABC-B701-EAD3DADD91AF}.Debug|Any CPU.ActiveCfg = Debug|Any CPU
		{9915FBFB-EC3E-4ABC-B701-EAD3DADD91AF}.Debug|Any CPU.Build.0 = Debug|Any CPU
		{9915FBFB-EC3E-4ABC-B701-EAD3DADD91AF}.Release|Any CPU.ActiveCfg = Release|Any CPU
		{9915FBFB-EC3E-4ABC-B701-EAD3DADD91AF}.Release|Any CPU.Build.0 = Release|Any CPU
	EndGlobalSection
	GlobalSection(SolutionProperties) = preSolution
		HideSolutionNode = FALSE
	EndGlobalSection
EndGlobal
